
Microsoft Visual Studio Solution File, Format Version 12.00
# Visual Studio Version 17
VisualStudioVersion = 17.4.33213.308
MinimumVisualStudioVersion = 10.0.40219.1
Project("{FAE04EC0-301F-11D3-BF4B-00C04F79EFBC}") = "desafio final", "desafio final\desafio final.csproj", "{BEA1FB3C-4045-4A50-85E4-FEF9059A014B}"
EndProject
Global
	GlobalSection(SolutionConfigurationPlatforms) = preSolution
		Debug|Any CPU = Debug|Any CPU
		Release|Any CPU = Release|Any CPU
	EndGlobalSection
	GlobalSection(ProjectConfigurationPlatforms) = postSolution
		{BEA1FB3C-4045-4A50-85E4-FEF9059A014B}.Debug|Any CPU.ActiveCfg = Debug|Any CPU
		{BEA1FB3C-4045-4A50-85E4-FEF9059A014B}.Debug|Any CPU.Build.0 = Debug|Any CPU
		{BEA1FB3C-4045-4A50-85E4-FEF9059A014B}.Release|Any CPU.ActiveCfg = Release|Any CPU
		{BEA1FB3C-4045-4A50-85E4-FEF9059A014B}.Release|Any CPU.Build.0 = Release|Any CPU
	EndGlobalSection
	GlobalSection(SolutionProperties) = preSolution
		HideSolutionNode = FALSE
	EndGlobalSection
	GlobalSection(ExtensibilityGlobals) = postSolution
		SolutionGuid = {6D2B6DAD-709F-4389-BA72-E092BB6E6373}
	EndGlobalSection
EndGlobal
